// !$*UTF8*$!
{
	archiveVersion = 1;
	classes = {
	};
	objectVersion = 46;
	objects = {

/* Begin PBXBuildFile section */
		98235A751E9B2D8800328BE4 /* star hollow smaller star.png in Resources */ = {isa = PBXBuildFile; fileRef = 98235A741E9B2D8800328BE4 /* star hollow smaller star.png */; };
		9853952B1E95883B00764A5D /* AppDelegate.swift in Sources */ = {isa = PBXBuildFile; fileRef = 9853952A1E95883B00764A5D /* AppDelegate.swift */; };
		9853952D1E95883B00764A5D /* ViewController.swift in Sources */ = {isa = PBXBuildFile; fileRef = 9853952C1E95883B00764A5D /* ViewController.swift */; };
		985395301E95883B00764A5D /* Main.storyboard in Resources */ = {isa = PBXBuildFile; fileRef = 9853952E1E95883B00764A5D /* Main.storyboard */; };
		985395321E95883B00764A5D /* Assets.xcassets in Resources */ = {isa = PBXBuildFile; fileRef = 985395311E95883B00764A5D /* Assets.xcassets */; };
		985395351E95883B00764A5D /* LaunchScreen.storyboard in Resources */ = {isa = PBXBuildFile; fileRef = 985395331E95883B00764A5D /* LaunchScreen.storyboard */; };
/* End PBXBuildFile section */

/* Begin PBXFileReference section */
		98235A741E9B2D8800328BE4 /* star hollow smaller star.png */ = {isa = PBXFileReference; lastKnownFileType = image.png; path = "star hollow smaller star.png"; sourceTree = "<group>"; };
		985395271E95883B00764A5D /* UiDeviceTest.app */ = {isa = PBXFileReference; explicitFileType = wrapper.application; includeInIndex = 0; path = UiDeviceTest.app; sourceTree = BUILT_PRODUCTS_DIR; };
		9853952A1E95883B00764A5D /* AppDelegate.swift */ = {isa = PBXFileReference; lastKnownFileType = sourcecode.swift; path = AppDelegate.swift; sourceTree = "<group>"; };
		9853952C1E95883B00764A5D /* ViewController.swift */ = {isa = PBXFileReference; lastKnownFileType = sourcecode.swift; path = ViewController.swift; sourceTree = "<group>"; };
		9853952F1E95883B00764A5D /* Base */ = {isa = PBXFileReference; lastKnownFileType = file.storyboard; name = Base; path = Base.lproj/Main.storyboard; sourceTree = "<group>"; };
		985395311E95883B00764A5D /* Assets.xcassets */ = {isa = PBXFileReference; lastKnownFileType = folder.assetcatalog; path = Assets.xcassets; sourceTree = "<group>"; };
		985395341E95883B00764A5D /* Base */ = {isa = PBXFileReference; lastKnownFileType = file.storyboard; name = Base; path = Base.lproj/LaunchScreen.storyboard; sourceTree = "<group>"; };
		985395361E95883B00764A5D /* Info.plist */ = {isa = PBXFileReference; lastKnownFileType = text.plist.xml; path = Info.plist; sourceTree = "<group>"; };
/* End PBXFileReference section */

/* Begin PBXFrameworksBuildPhase section */
		985395241E95883B00764A5D /* Frameworks */ = {
			isa = PBXFrameworksBuildPhase;
			buildActionMask = 2147483647;
			files = (
			);
			runOnlyForDeploymentPostprocessing = 0;
		};
/* End PBXFrameworksBuildPhase section */

/* Begin PBXGroup section */
		9853951E1E95883B00764A5D = {
			isa = PBXGroup;
			children = (
				985395291E95883B00764A5D /* UiDeviceTest */,
				985395281E95883B00764A5D /* Products */,
			);
			sourceTree = "<group>";
		};
		985395281E95883B00764A5D /* Products */ = {
			isa = PBXGroup;
			children = (
				985395271E95883B00764A5D /* UiDeviceTest.app */,
			);
			name = Products;
			sourceTree = "<group>";
		};
		985395291E95883B00764A5D /* UiDeviceTest */ = {
			isa = PBXGroup;
			children = (
				9853952A1E95883B00764A5D /* AppDelegate.swift */,
				9853952C1E95883B00764A5D /* ViewController.swift */,
				9853952E1E95883B00764A5D /* Main.storyboard */,
				98235A741E9B2D8800328BE4 /* star hollow smaller star.png */,
				985395311E95883B00764A5D /* Assets.xcassets */,
				985395331E95883B00764A5D /* LaunchScreen.storyboard */,
				985395361E95883B00764A5D /* Info.plist */,
			);
			path = UiDeviceTest;
			sourceTree = "<group>";
		};
/* End PBXGroup section */

/* Begin PBXNativeTarget section */
		985395261E95883B00764A5D /* UiDeviceTest */ = {
			isa = PBXNativeTarget;
			buildConfigurationList = 985395391E95883B00764A5D /* Build configuration list for PBXNativeTarget "UiDeviceTest" */;
			buildPhases = (
				985395231E95883B00764A5D /* Sources */,
				985395241E95883B00764A5D /* Frameworks */,
				985395251E95883B00764A5D /* Resources */,
			);
			buildRules = (
			);
			dependencies = (
			);
			name = UiDeviceTest;
			productName = UiDeviceTest;
			productReference = 985395271E95883B00764A5D /* UiDeviceTest.app */;
			productType = "com.apple.product-type.application";
		};
/* End PBXNativeTarget section */

/* Begin PBXProject section */
		9853951F1E95883B00764A5D /* Project object */ = {
			isa = PBXProject;
			attributes = {
				LastSwiftUpdateCheck = 0830;
				LastUpgradeCheck = 0830;
				ORGANIZATIONNAME = "Jack Ngai";
				TargetAttributes = {
					985395261E95883B00764A5D = {
						CreatedOnToolsVersion = 8.3;
						DevelopmentTeam = 56SGSJ5YCY;
						ProvisioningStyle = Automatic;
					};
				};
			};
			buildConfigurationList = 985395221E95883B00764A5D /* Build configuration list for PBXProject "UiDeviceTest" */;
			compatibilityVersion = "Xcode 3.2";
			developmentRegion = English;
			hasScannedForEncodings = 0;
			knownRegions = (
				en,
				Base,
			);
			mainGroup = 9853951E1E95883B00764A5D;
			productRefGroup = 985395281E95883B00764A5D /* Products */;
			projectDirPath = "";
			projectRoot = "";
			targets = (
				985395261E95883B00764A5D /* UiDeviceTest */,
			);
		};
/* End PBXProject section */

/* Begin PBXResourcesBuildPhase section */
		985395251E95883B00764A5D /* Resources */ = {
			isa = PBXResourcesBuildPhase;
			buildActionMask = 2147483647;
			files = (
				98235A751E9B2D8800328BE4 /* star hollow smaller star.png in Resources */,
				985395351E95883B00764A5D /* LaunchScreen.storyboard in Resources */,
				985395321E95883B00764A5D /* Assets.xcassets in Resources */,
				985395301E95883B00764A5D /* Main.storyboard in Resources */,
			);
			runOnlyForDeploymentPostprocessing = 0;
		};
/* End PBXResourcesBuildPhase section */

/* Begin PBXSourcesBuildPhase section */
		985395231E95883B00764A5D /* Sources */ = {
			isa = PBXSourcesBuildPhase;
			buildActionMask = 2147483647;
			files = (
				9853952D1E95883B00764A5D /* ViewController.swift in Sources */,
				9853952B1E95883B00764A5D /* AppDelegate.swift in Sources */,
			);
			runOnlyForDeploymentPostprocessing = 0;
		};
/* End PBXSourcesBuildPhase section */

/* Begin PBXVariantGroup section */
		9853952E1E95883B00764A5D /* Main.storyboard */ = {
			isa = PBXVariantGroup;
			children = (
				9853952F1E95883B00764A5D /* Base */,
			);
			name = Main.storyboard;
			sourceTree = "<group>";
		};
		985395331E95883B00764A5D /* LaunchScreen.storyboard */ = {
			isa = PBXVariantGroup;
			children = (
				985395341E95883B00764A5D /* Base */,
			);
			name = LaunchScreen.storyboard;
			sourceTree = "<group>";
		};
/* End PBXVariantGroup section */

/* Begin XCBuildConfiguration section */
		985395371E95883B00764A5D /* Debug */ = {
			isa = XCBuildConfiguration;
			buildSettings = {
				ALWAYS_SEARCH_USER_PATHS = NO;
				CLANG_ANALYZER_NONNULL = YES;
				CLANG_ANALYZER_NUMBER_OBJECT_CONVERSION = YES_AGGRESSIVE;
				CLANG_CXX_LANGUAGE_STANDARD = "gnu++0x";
				CLANG_CXX_LIBRARY = "libc++";
				CLANG_ENABLE_MODULES = YES;
				CLANG_ENABLE_OBJC_ARC = YES;
				CLANG_WARN_BOOL_CONVERSION = YES;
				CLANG_WARN_CONSTANT_CONVERSION = YES;
				CLANG_WARN_DIRECT_OBJC_ISA_USAGE = YES_ERROR;
				CLANG_WARN_DOCUMENTATION_COMMENTS = YES;
				CLANG_WARN_EMPTY_BODY = YES;
				CLANG_WARN_ENUM_CONVERSION = YES;
				CLANG_WARN_INFINITE_RECURSION = YES;
				CLANG_WARN_INT_CONVERSION = YES;
				CLANG_WARN_OBJC_ROOT_CLASS = YES_ERROR;
				CLANG_WARN_SUSPICIOUS_MOVE = YES;
				CLANG_WARN_UNREACHABLE_CODE = YES;
				CLANG_WARN__DUPLICATE_METHOD_MATCH = YES;
				"CODE_SIGN_IDENTITY[sdk=iphoneos*]" = "iPhone Developer";
				COPY_PHASE_STRIP = NO;
				DEBUG_INFORMATION_FORMAT = dwarf;
				ENABLE_STRICT_OBJC_MSGSEND = YES;
				ENABLE_TESTABILITY = YES;
				GCC_C_LANGUAGE_STANDARD = gnu99;
				GCC_DYNAMIC_NO_PIC = NO;
				GCC_NO_COMMON_BLOCKS = YES;
				GCC_OPTIMIZATION_LEVEL = 0;
				GCC_PREPROCESSOR_DEFINITIONS = (
					"DEBUG=1",
					"$(inherited)",
				);
				GCC_WARN_64_TO_32_BIT_CONVERSION = YES;
				GCC_WARN_ABOUT_RETURN_TYPE = YES_ERROR;
				GCC_WARN_UNDECLARED_SELECTOR = YES;
				GCC_WARN_UNINITIALIZED_AUTOS = YES_AGGRESSIVE;
				GCC_WARN_UNUSED_FUNCTION = YES;
				GCC_WARN_UNUSED_VARIABLE = YES;
				IPHONEOS_DEPLOYMENT_TARGET = 10.3;
				MTL_ENABLE_DEBUG_INFO = YES;
				ONLY_ACTIVE_ARCH = YES;
				SDKROOT = iphoneos;
				SWIFT_ACTIVE_COMPILATION_CONDITIONS = DEBUG;
				SWIFT_OPTIMIZATION_LEVEL = "-Onone";
				TARGETED_DEVICE_FAMILY = "1,2";
			};
			name = Debug;
		};
		985395381E95883B00764A5D /* Release */ = {
			isa = XCBuildConfiguration;
			buildSettings = {
				ALWAYS_SEARCH_USER_PATHS = NO;
				CLANG_ANALYZER_NONNULL = YES;
				CLANG_ANALYZER_NUMBER_OBJECT_CONVERSION = YES_AGGRESSIVE;
				CLANG_CXX_LANGUAGE_STANDARD = "gnu++0x";
				CLANG_CXX_LIBRARY = "libc++";
				CLANG_ENABLE_MODULES = YES;
				CLANG_ENABLE_OBJC_ARC = YES;
				CLANG_WARN_BOOL_CONVERSION = YES;
				CLANG_WARN_CONSTANT_CONVERSION = YES;
				CLANG_WARN_DIRECT_OBJC_ISA_USAGE = YES_ERROR;
				CLANG_WARN_DOCUMENTATION_COMMENTS = YES;
				CLANG_WARN_EMPTY_BODY = YES;
				CLANG_WARN_ENUM_CONVERSION = YES;
				CLANG_WARN_INFINITE_RECURSION = YES;
				CLANG_WARN_INT_CONVERSION = YES;
				CLANG_WARN_OBJC_ROOT_CLASS = YES_ERROR;
				CLANG_WARN_SUSPICIOUS_MOVE = YES;
				CLANG_WARN_UNREACHABLE_CODE = YES;
				CLANG_WARN__DUPLICATE_METHOD_MATCH = YES;
				"CODE_SIGN_IDENTITY[sdk=iphoneos*]" = "iPhone Developer";
				COPY_PHASE_STRIP = NO;
				DEBUG_INFORMATION_FORMAT = "dwarf-with-dsym";
				ENABLE_NS_ASSERTIONS = NO;
				ENABLE_STRICT_OBJC_MSGSEND = YES;
				GCC_C_LANGUAGE_STANDARD = gnu99;
				GCC_NO_COMMON_BLOCKS = YES;
				GCC_WARN_64_TO_32_BIT_CONVERSION = YES;
				GCC_WARN_ABOUT_RETURN_TYPE = YES_ERROR;
				GCC_WARN_UNDECLARED_SELECTOR = YES;
				GCC_WARN_UNINITIALIZED_AUTOS = YES_AGGRESSIVE;
				GCC_WARN_UNUSED_FUNCTION = YES;
				GCC_WARN_UNUSED_VARIABLE = YES;
				IPHONEOS_DEPLOYMENT_TARGET = 10.3;
				MTL_ENABLE_DEBUG_INFO = NO;
				SDKROOT = iphoneos;
				SWIFT_OPTIMIZATION_LEVEL = "-Owholemodule";
				TARGETED_DEVICE_FAMILY = "1,2";
				VALIDATE_PRODUCT = YES;
			};
			name = Release;
		};
		9853953A1E95883B00764A5D /* Debug */ = {
			isa = XCBuildConfiguration;
			buildSettings = {
				ASSETCATALOG_COMPILER_APPICON_NAME = AppIcon;
				DEVELOPMENT_TEAM = 56SGSJ5YCY;
				INFOPLIST_FILE = UiDeviceTest/Info.plist;
				LD_RUNPATH_SEARCH_PATHS = "$(inherited) @executable_path/Frameworks";
				PRODUCT_BUNDLE_IDENTIFIER = com.jackngai.UiDeviceTest;
				PRODUCT_NAME = "$(TARGET_NAME)";
				SWIFT_VERSION = 3.0;
			};
			name = Debug;
		};
		9853953B1E95883B00764A5D /* Release */ = {
			isa = XCBuildConfiguration;
			buildSettings = {
				ASSETCATALOG_COMPILER_APPICON_NAME = AppIcon;
				DEVELOPMENT_TEAM = 56SGSJ5YCY;
				INFOPLIST_FILE = UiDeviceTest/Info.plist;
				LD_RUNPATH_SEARCH_PATHS = "$(inherited) @executable_path/Frameworks";
				PRODUCT_BUNDLE_IDENTIFIER = com.jackngai.UiDeviceTest;
				PRODUCT_NAME = "$(TARGET_NAME)";
				SWIFT_VERSION = 3.0;
			};
			name = Release;
		};
/* End XCBuildConfiguration section */

/* Begin XCConfigurationList section */
		985395221E95883B00764A5D /* Build configuration list for PBXProject "UiDeviceTest" */ = {
			isa = XCConfigurationList;
			buildConfigurations = (
				985395371E95883B00764A5D /* Debug */,
				985395381E95883B00764A5D /* Release */,
			);
			defaultConfigurationIsVisible = 0;
			defaultConfigurationName = Release;
		};
		985395391E95883B00764A5D /* Build configuration list for PBXNativeTarget "UiDeviceTest" */ = {
			isa = XCConfigurationList;
			buildConfigurations = (
				9853953A1E95883B00764A5D /* Debug */,
				9853953B1E95883B00764A5D /* Release */,
			);
			defaultConfigurationIsVisible = 0;
			defaultConfigurationName = Release;
		};
/* End XCConfigurationList section */
	};
	rootObject = 9853951F1E95883B00764A5D /* Project object */;
}
